
Microsoft Visual Studio Solution File, Format Version 12.00
# Visual Studio Version 16
VisualStudioVersion = 16.0.30804.86
MinimumVisualStudioVersion = 10.0.40219.1
Project("{FAE04EC0-301F-11D3-BF4B-00C04F79EFBC}") = "SpamBotApi", "SpamBot\SpamBotApi.csproj", "{14336682-599A-40B3-A9F2-C54305C28667}"
EndProject
Global
	GlobalSection(SolutionConfigurationPlatforms) = preSolution
		Debug|Any CPU = Debug|Any CPU
		Release|Any CPU = Release|Any CPU
	EndGlobalSection
	GlobalSection(ProjectConfigurationPlatforms) = postSolution
		{14336682-599A-40B3-A9F2-C54305C28667}.Debug|Any CPU.ActiveCfg = Debug|Any CPU
		{14336682-599A-40B3-A9F2-C54305C28667}.Debug|Any CPU.Build.0 = Debug|Any CPU
		{14336682-599A-40B3-A9F2-C54305C28667}.Release|Any CPU.ActiveCfg = Release|Any CPU
		{14336682-599A-40B3-A9F2-C54305C28667}.Release|Any CPU.Build.0 = Release|Any CPU
	EndGlobalSection
	GlobalSection(SolutionProperties) = preSolution
		HideSolutionNode = FALSE
	EndGlobalSection
	GlobalSection(ExtensibilityGlobals) = postSolution
		SolutionGuid = {9C85E787-C23B-43B3-B09E-4AC78D38F27A}
	EndGlobalSection
EndGlobal
